
Microsoft Visual Studio Solution File, Format Version 12.00
# Visual Studio 15
VisualStudioVersion = 15.0.27428.2002
MinimumVisualStudioVersion = 10.0.40219.1
Project("{9A19103F-16F7-4668-BE54-9A1E7A4F7556}") = "commercetools.NET", "commercetools.NET\commercetools.NET.csproj", "{32E63A99-4A17-40A4-83B9-7AFBF7B0C4D8}"
EndProject
Project("{FAE04EC0-301F-11D3-BF4B-00C04F79EFBC}") = "commercetools.NET.Examples", "commercetools.NET.Examples\commercetools.NET.Examples.csproj", "{AC4EE356-8797-48B8-A8B7-5C7A8C11C3F3}"
EndProject
Project("{FAE04EC0-301F-11D3-BF4B-00C04F79EFBC}") = "commercetools.NET.Tests", "commercetools.NET.Tests\commercetools.NET.Tests.csproj", "{E849DBED-1928-4ED9-A527-DB5CAC76A9CE}"
EndProject
Global
	GlobalSection(SolutionConfigurationPlatforms) = preSolution
		Debug|Any CPU = Debug|Any CPU
		Release|Any CPU = Release|Any CPU
	EndGlobalSection
	GlobalSection(ProjectConfigurationPlatforms) = postSolution
		{32E63A99-4A17-40A4-83B9-7AFBF7B0C4D8}.Debug|Any CPU.ActiveCfg = Debug|Any CPU
		{32E63A99-4A17-40A4-83B9-7AFBF7B0C4D8}.Debug|Any CPU.Build.0 = Debug|Any CPU
		{32E63A99-4A17-40A4-83B9-7AFBF7B0C4D8}.Release|Any CPU.ActiveCfg = Release|Any CPU
		{32E63A99-4A17-40A4-83B9-7AFBF7B0C4D8}.Release|Any CPU.Build.0 = Release|Any CPU
		{AC4EE356-8797-48B8-A8B7-5C7A8C11C3F3}.Debug|Any CPU.ActiveCfg = Debug|Any CPU
		{AC4EE356-8797-48B8-A8B7-5C7A8C11C3F3}.Debug|Any CPU.Build.0 = Debug|Any CPU
		{AC4EE356-8797-48B8-A8B7-5C7A8C11C3F3}.Release|Any CPU.ActiveCfg = Release|Any CPU
		{AC4EE356-8797-48B8-A8B7-5C7A8C11C3F3}.Release|Any CPU.Build.0 = Release|Any CPU
		{E849DBED-1928-4ED9-A527-DB5CAC76A9CE}.Debug|Any CPU.ActiveCfg = Debug|Any CPU
        {E849DBED-1928-4ED9-A527-DB5CAC76A9CE}.Debug|Any CPU.Build.0 = Debug|Any CPU
        {E849DBED-1928-4ED9-A527-DB5CAC76A9CE}.Release|Any CPU.ActiveCfg = Release|Any CPU
        {E849DBED-1928-4ED9-A527-DB5CAC76A9CE}.Release|Any CPU.Build.0 = Release|Any CPU
	EndGlobalSection
	GlobalSection(SolutionProperties) = preSolution
		HideSolutionNode = FALSE
	EndGlobalSection
	GlobalSection(ExtensibilityGlobals) = postSolution
		SolutionGuid = {F9B5ED18-4C36-4F7B-BE1E-AE8D220EBCB8}
	EndGlobalSection
EndGlobal
